
Microsoft Visual Studio Solution File, Format Version 12.00
# Visual Studio Version 16
VisualStudioVersion = 16.0.29728.190
MinimumVisualStudioVersion = 10.0.40219.1
Project("{FAE04EC0-301F-11D3-BF4B-00C04F79EFBC}") = "teste-git", "teste-git.csproj", "{A57715E7-E60C-4FD7-88FC-44991DB33F1B}"
EndProject
Global
	GlobalSection(SolutionConfigurationPlatforms) = preSolution
		Debug|Any CPU = Debug|Any CPU
		Release|Any CPU = Release|Any CPU
	EndGlobalSection
	GlobalSection(ProjectConfigurationPlatforms) = postSolution
		{A57715E7-E60C-4FD7-88FC-44991DB33F1B}.Debug|Any CPU.ActiveCfg = Debug|Any CPU
		{A57715E7-E60C-4FD7-88FC-44991DB33F1B}.Debug|Any CPU.Build.0 = Debug|Any CPU
		{A57715E7-E60C-4FD7-88FC-44991DB33F1B}.Release|Any CPU.ActiveCfg = Release|Any CPU
		{A57715E7-E60C-4FD7-88FC-44991DB33F1B}.Release|Any CPU.Build.0 = Release|Any CPU
	EndGlobalSection
	GlobalSection(SolutionProperties) = preSolution
		HideSolutionNode = FALSE
	EndGlobalSection
	GlobalSection(ExtensibilityGlobals) = postSolution
		SolutionGuid = {E6E8A0A1-1ED1-497F-BD40-829ADDD8D781}
	EndGlobalSection
EndGlobal
